// !$*UTF8*$!
{
	archiveVersion = 1;
	classes = {
	};
	objectVersion = 51;
	objects = {

/* Begin PBXBuildFile section */
		151ABACA248AED6900B6D47E /* DataController.swift in Sources */ = {isa = PBXBuildFile; fileRef = 151ABAC9248AED6900B6D47E /* DataController.swift */; };
		155BB9A1247D70700069E156 /* AppDelegate.swift in Sources */ = {isa = PBXBuildFile; fileRef = 155BB9A0247D70700069E156 /* AppDelegate.swift */; };
		155BB9A3247D70700069E156 /* SceneDelegate.swift in Sources */ = {isa = PBXBuildFile; fileRef = 155BB9A2247D70700069E156 /* SceneDelegate.swift */; };
		155BB9A5247D70700069E156 /* ViewController.swift in Sources */ = {isa = PBXBuildFile; fileRef = 155BB9A4247D70700069E156 /* ViewController.swift */; };
		155BB9A8247D70700069E156 /* Main.storyboard in Resources */ = {isa = PBXBuildFile; fileRef = 155BB9A6247D70700069E156 /* Main.storyboard */; };
		155BB9AB247D70700069E156 /* Capstone_Project.xcdatamodeld in Sources */ = {isa = PBXBuildFile; fileRef = 155BB9A9247D70700069E156 /* Capstone_Project.xcdatamodeld */; };
		155BB9AD247D70710069E156 /* Assets.xcassets in Resources */ = {isa = PBXBuildFile; fileRef = 155BB9AC247D70710069E156 /* Assets.xcassets */; };
		155BB9B0247D70710069E156 /* LaunchScreen.storyboard in Resources */ = {isa = PBXBuildFile; fileRef = 155BB9AE247D70710069E156 /* LaunchScreen.storyboard */; };
		1594050A247DBA6E009DD98F /* GCDBlackBox.swift in Sources */ = {isa = PBXBuildFile; fileRef = 15940509247DBA6E009DD98F /* GCDBlackBox.swift */; };
		1594050E247DBBE8009DD98F /* LineChartViewController.swift in Sources */ = {isa = PBXBuildFile; fileRef = 1594050D247DBBE8009DD98F /* LineChartViewController.swift */; };
		15940510247DC0DC009DD98F /* CTClient.swift in Sources */ = {isa = PBXBuildFile; fileRef = 1594050F247DC0DC009DD98F /* CTClient.swift */; };
		15940512247DC1A8009DD98F /* CTConstants.swift in Sources */ = {isa = PBXBuildFile; fileRef = 15940511247DC1A8009DD98F /* CTConstants.swift */; };
		15940514247DF87C009DD98F /* CTConvenience.swift in Sources */ = {isa = PBXBuildFile; fileRef = 15940513247DF87C009DD98F /* CTConvenience.swift */; };
		159405362484D4B5009DD98F /* ComboChartViewController.swift in Sources */ = {isa = PBXBuildFile; fileRef = 159405352484D4B5009DD98F /* ComboChartViewController.swift */; };
		159405382488A299009DD98F /* StateTableTableViewController.swift in Sources */ = {isa = PBXBuildFile; fileRef = 159405372488A299009DD98F /* StateTableTableViewController.swift */; };
		1594053A2488A2AD009DD98F /* StatsTableViewController.swift in Sources */ = {isa = PBXBuildFile; fileRef = 159405392488A2AD009DD98F /* StatsTableViewController.swift */; };
		A2AF1326F9CB0EE1EF956522 /* Pods_Capstone_Project.framework in Frameworks */ = {isa = PBXBuildFile; fileRef = B7A7AC25DDB2A16B0F8EBAE6 /* Pods_Capstone_Project.framework */; };
/* End PBXBuildFile section */

/* Begin PBXFileReference section */
		151ABAC9248AED6900B6D47E /* DataController.swift */ = {isa = PBXFileReference; lastKnownFileType = sourcecode.swift; path = DataController.swift; sourceTree = "<group>"; };
		155BB99D247D70700069E156 /* Capstone Project.app */ = {isa = PBXFileReference; explicitFileType = wrapper.application; includeInIndex = 0; path = "Capstone Project.app"; sourceTree = BUILT_PRODUCTS_DIR; };
		155BB9A0247D70700069E156 /* AppDelegate.swift */ = {isa = PBXFileReference; lastKnownFileType = sourcecode.swift; path = AppDelegate.swift; sourceTree = "<group>"; };
		155BB9A2247D70700069E156 /* SceneDelegate.swift */ = {isa = PBXFileReference; lastKnownFileType = sourcecode.swift; path = SceneDelegate.swift; sourceTree = "<group>"; };
		155BB9A4247D70700069E156 /* ViewController.swift */ = {isa = PBXFileReference; lastKnownFileType = sourcecode.swift; name = ViewController.swift; path = ../ViewController.swift; sourceTree = "<group>"; };
		155BB9A7247D70700069E156 /* Base */ = {isa = PBXFileReference; lastKnownFileType = file.storyboard; name = Base; path = Base.lproj/Main.storyboard; sourceTree = "<group>"; };
		155BB9AA247D70700069E156 /* Capstone_Project.xcdatamodel */ = {isa = PBXFileReference; lastKnownFileType = wrapper.xcdatamodel; path = Capstone_Project.xcdatamodel; sourceTree = "<group>"; };
		155BB9AC247D70710069E156 /* Assets.xcassets */ = {isa = PBXFileReference; lastKnownFileType = folder.assetcatalog; path = Assets.xcassets; sourceTree = "<group>"; };
		155BB9AF247D70710069E156 /* Base */ = {isa = PBXFileReference; lastKnownFileType = file.storyboard; name = Base; path = Base.lproj/LaunchScreen.storyboard; sourceTree = "<group>"; };
		155BB9B1247D70710069E156 /* Info.plist */ = {isa = PBXFileReference; lastKnownFileType = text.plist.xml; path = Info.plist; sourceTree = "<group>"; };
		15940509247DBA6E009DD98F /* GCDBlackBox.swift */ = {isa = PBXFileReference; lastKnownFileType = sourcecode.swift; path = GCDBlackBox.swift; sourceTree = "<group>"; };
		1594050D247DBBE8009DD98F /* LineChartViewController.swift */ = {isa = PBXFileReference; lastKnownFileType = sourcecode.swift; path = LineChartViewController.swift; sourceTree = "<group>"; };
		1594050F247DC0DC009DD98F /* CTClient.swift */ = {isa = PBXFileReference; lastKnownFileType = sourcecode.swift; path = CTClient.swift; sourceTree = "<group>"; };
		15940511247DC1A8009DD98F /* CTConstants.swift */ = {isa = PBXFileReference; lastKnownFileType = sourcecode.swift; path = CTConstants.swift; sourceTree = "<group>"; };
		15940513247DF87C009DD98F /* CTConvenience.swift */ = {isa = PBXFileReference; lastKnownFileType = sourcecode.swift; path = CTConvenience.swift; sourceTree = "<group>"; };
		159405352484D4B5009DD98F /* ComboChartViewController.swift */ = {isa = PBXFileReference; lastKnownFileType = sourcecode.swift; path = ComboChartViewController.swift; sourceTree = "<group>"; };
		159405372488A299009DD98F /* StateTableTableViewController.swift */ = {isa = PBXFileReference; lastKnownFileType = sourcecode.swift; path = StateTableTableViewController.swift; sourceTree = "<group>"; };
		159405392488A2AD009DD98F /* StatsTableViewController.swift */ = {isa = PBXFileReference; lastKnownFileType = sourcecode.swift; path = StatsTableViewController.swift; sourceTree = "<group>"; };
		81B8940AE445E6619C6DE82F /* Pods-Capstone Project.release.xcconfig */ = {isa = PBXFileReference; includeInIndex = 1; lastKnownFileType = text.xcconfig; name = "Pods-Capstone Project.release.xcconfig"; path = "Target Support Files/Pods-Capstone Project/Pods-Capstone Project.release.xcconfig"; sourceTree = "<group>"; };
		B7A7AC25DDB2A16B0F8EBAE6 /* Pods_Capstone_Project.framework */ = {isa = PBXFileReference; explicitFileType = wrapper.framework; includeInIndex = 0; path = Pods_Capstone_Project.framework; sourceTree = BUILT_PRODUCTS_DIR; };
		C768955F07F3871F2C290B16 /* Pods-Capstone Project.debug.xcconfig */ = {isa = PBXFileReference; includeInIndex = 1; lastKnownFileType = text.xcconfig; name = "Pods-Capstone Project.debug.xcconfig"; path = "Target Support Files/Pods-Capstone Project/Pods-Capstone Project.debug.xcconfig"; sourceTree = "<group>"; };
/* End PBXFileReference section */

/* Begin PBXFrameworksBuildPhase section */
		155BB99A247D70700069E156 /* Frameworks */ = {
			isa = PBXFrameworksBuildPhase;
			buildActionMask = 2147483647;
			files = (
				A2AF1326F9CB0EE1EF956522 /* Pods_Capstone_Project.framework in Frameworks */,
			);
			runOnlyForDeploymentPostprocessing = 0;
		};
/* End PBXFrameworksBuildPhase section */

/* Begin PBXGroup section */
		155BB994247D70700069E156 = {
			isa = PBXGroup;
			children = (
				155BB99F247D70700069E156 /* Capstone Project */,
				155BB99E247D70700069E156 /* Products */,
				932C0E14DE55AD07769B4CDD /* Pods */,
				6EBFEFD6BFAC483B08AB6EB0 /* Frameworks */,
			);
			sourceTree = "<group>";
		};
		155BB99E247D70700069E156 /* Products */ = {
			isa = PBXGroup;
			children = (
				155BB99D247D70700069E156 /* Capstone Project.app */,
			);
			name = Products;
			sourceTree = "<group>";
		};
		155BB99F247D70700069E156 /* Capstone Project */ = {
			isa = PBXGroup;
			children = (
				1594050B247DBA9A009DD98F /* Model */,
				1594050C247DBAA3009DD98F /* View */,
				15940508247DBA1D009DD98F /* Controller */,
				155BB9A0247D70700069E156 /* AppDelegate.swift */,
				155BB9A2247D70700069E156 /* SceneDelegate.swift */,
				155BB9A6247D70700069E156 /* Main.storyboard */,
				155BB9AC247D70710069E156 /* Assets.xcassets */,
				155BB9AE247D70710069E156 /* LaunchScreen.storyboard */,
				155BB9B1247D70710069E156 /* Info.plist */,
			);
			path = "Capstone Project";
			sourceTree = "<group>";
		};
		15940508247DBA1D009DD98F /* Controller */ = {
			isa = PBXGroup;
			children = (
				155BB9A4247D70700069E156 /* ViewController.swift */,
				15940509247DBA6E009DD98F /* GCDBlackBox.swift */,
				1594050D247DBBE8009DD98F /* LineChartViewController.swift */,
				159405352484D4B5009DD98F /* ComboChartViewController.swift */,
				1594050F247DC0DC009DD98F /* CTClient.swift */,
				15940511247DC1A8009DD98F /* CTConstants.swift */,
				15940513247DF87C009DD98F /* CTConvenience.swift */,
				159405372488A299009DD98F /* StateTableTableViewController.swift */,
				159405392488A2AD009DD98F /* StatsTableViewController.swift */,
			);
			path = Controller;
			sourceTree = "<group>";
		};
		1594050B247DBA9A009DD98F /* Model */ = {
			isa = PBXGroup;
			children = (
				155BB9A9247D70700069E156 /* Capstone_Project.xcdatamodeld */,
				151ABAC9248AED6900B6D47E /* DataController.swift */,
			);
			path = Model;
			sourceTree = "<group>";
		};
		1594050C247DBAA3009DD98F /* View */ = {
			isa = PBXGroup;
			children = (
			);
			path = View;
			sourceTree = "<group>";
		};
		6EBFEFD6BFAC483B08AB6EB0 /* Frameworks */ = {
			isa = PBXGroup;
			children = (
				B7A7AC25DDB2A16B0F8EBAE6 /* Pods_Capstone_Project.framework */,
			);
			name = Frameworks;
			sourceTree = "<group>";
		};
		932C0E14DE55AD07769B4CDD /* Pods */ = {
			isa = PBXGroup;
			children = (
				C768955F07F3871F2C290B16 /* Pods-Capstone Project.debug.xcconfig */,
				81B8940AE445E6619C6DE82F /* Pods-Capstone Project.release.xcconfig */,
			);
			path = Pods;
			sourceTree = "<group>";
		};
/* End PBXGroup section */

/* Begin PBXNativeTarget section */
		155BB99C247D70700069E156 /* Capstone Project */ = {
			isa = PBXNativeTarget;
			buildConfigurationList = 155BB9B4247D70710069E156 /* Build configuration list for PBXNativeTarget "Capstone Project" */;
			buildPhases = (
				509EF76F92D3BC5BAE2D0D90 /* [CP] Check Pods Manifest.lock */,
				155BB999247D70700069E156 /* Sources */,
				155BB99A247D70700069E156 /* Frameworks */,
				155BB99B247D70700069E156 /* Resources */,
				7E3CCEFDD112C36100E7B3AD /* [CP] Embed Pods Frameworks */,
			);
			buildRules = (
			);
			dependencies = (
			);
			name = "Capstone Project";
			productName = "Capstone Project";
			productReference = 155BB99D247D70700069E156 /* Capstone Project.app */;
			productType = "com.apple.product-type.application";
		};
/* End PBXNativeTarget section */

/* Begin PBXProject section */
		155BB995247D70700069E156 /* Project object */ = {
			isa = PBXProject;
			attributes = {
				LastSwiftUpdateCheck = 1140;
				LastUpgradeCheck = 1140;
				ORGANIZATIONNAME = "AT&T CSO SOS Development";
				TargetAttributes = {
					155BB99C247D70700069E156 = {
						CreatedOnToolsVersion = 11.4.1;
					};
				};
			};
			buildConfigurationList = 155BB998247D70700069E156 /* Build configuration list for PBXProject "Capstone Project" */;
			compatibilityVersion = "Xcode 9.3";
			developmentRegion = en;
			hasScannedForEncodings = 0;
			knownRegions = (
				en,
				Base,
			);
			mainGroup = 155BB994247D70700069E156;
			productRefGroup = 155BB99E247D70700069E156 /* Products */;
			projectDirPath = "";
			projectRoot = "";
			targets = (
				155BB99C247D70700069E156 /* Capstone Project */,
			);
		};
/* End PBXProject section */

/* Begin PBXResourcesBuildPhase section */
		155BB99B247D70700069E156 /* Resources */ = {
			isa = PBXResourcesBuildPhase;
			buildActionMask = 2147483647;
			files = (
				155BB9B0247D70710069E156 /* LaunchScreen.storyboard in Resources */,
				155BB9AD247D70710069E156 /* Assets.xcassets in Resources */,
				155BB9A8247D70700069E156 /* Main.storyboard in Resources */,
			);
			runOnlyForDeploymentPostprocessing = 0;
		};
/* End PBXResourcesBuildPhase section */

/* Begin PBXShellScriptBuildPhase section */
		509EF76F92D3BC5BAE2D0D90 /* [CP] Check Pods Manifest.lock */ = {
			isa = PBXShellScriptBuildPhase;
			buildActionMask = 2147483647;
			files = (
			);
			inputFileListPaths = (
			);
			inputPaths = (
				"${PODS_PODFILE_DIR_PATH}/Podfile.lock",
				"${PODS_ROOT}/Manifest.lock",
			);
			name = "[CP] Check Pods Manifest.lock";
			outputFileListPaths = (
			);
			outputPaths = (
				"$(DERIVED_FILE_DIR)/Pods-Capstone Project-checkManifestLockResult.txt",
			);
			runOnlyForDeploymentPostprocessing = 0;
			shellPath = /bin/sh;
			shellScript = "diff \"${PODS_PODFILE_DIR_PATH}/Podfile.lock\" \"${PODS_ROOT}/Manifest.lock\" > /dev/null\nif [ $? != 0 ] ; then\n    # print error to STDERR\n    echo \"error: The sandbox is not in sync with the Podfile.lock. Run 'pod install' or update your CocoaPods installation.\" >&2\n    exit 1\nfi\n# This output is used by Xcode 'outputs' to avoid re-running this script phase.\necho \"SUCCESS\" > \"${SCRIPT_OUTPUT_FILE_0}\"\n";
			showEnvVarsInLog = 0;
		};
		7E3CCEFDD112C36100E7B3AD /* [CP] Embed Pods Frameworks */ = {
			isa = PBXShellScriptBuildPhase;
			buildActionMask = 2147483647;
			files = (
			);
			inputFileListPaths = (
				"${PODS_ROOT}/Target Support Files/Pods-Capstone Project/Pods-Capstone Project-frameworks-${CONFIGURATION}-input-files.xcfilelist",
			);
			name = "[CP] Embed Pods Frameworks";
			outputFileListPaths = (
				"${PODS_ROOT}/Target Support Files/Pods-Capstone Project/Pods-Capstone Project-frameworks-${CONFIGURATION}-output-files.xcfilelist",
			);
			runOnlyForDeploymentPostprocessing = 0;
			shellPath = /bin/sh;
			shellScript = "\"${PODS_ROOT}/Target Support Files/Pods-Capstone Project/Pods-Capstone Project-frameworks.sh\"\n";
			showEnvVarsInLog = 0;
		};
/* End PBXShellScriptBuildPhase section */

/* Begin PBXSourcesBuildPhase section */
		155BB999247D70700069E156 /* Sources */ = {
			isa = PBXSourcesBuildPhase;
			buildActionMask = 2147483647;
			files = (
				15940512247DC1A8009DD98F /* CTConstants.swift in Sources */,
				15940514247DF87C009DD98F /* CTConvenience.swift in Sources */,
				155BB9AB247D70700069E156 /* Capstone_Project.xcdatamodeld in Sources */,
				1594050E247DBBE8009DD98F /* LineChartViewController.swift in Sources */,
				155BB9A5247D70700069E156 /* ViewController.swift in Sources */,
				155BB9A1247D70700069E156 /* AppDelegate.swift in Sources */,
				15940510247DC0DC009DD98F /* CTClient.swift in Sources */,
				1594053A2488A2AD009DD98F /* StatsTableViewController.swift in Sources */,
				155BB9A3247D70700069E156 /* SceneDelegate.swift in Sources */,
				159405382488A299009DD98F /* StateTableTableViewController.swift in Sources */,
				159405362484D4B5009DD98F /* ComboChartViewController.swift in Sources */,
				151ABACA248AED6900B6D47E /* DataController.swift in Sources */,
				1594050A247DBA6E009DD98F /* GCDBlackBox.swift in Sources */,
			);
			runOnlyForDeploymentPostprocessing = 0;
		};
/* End PBXSourcesBuildPhase section */

/* Begin PBXVariantGroup section */
		155BB9A6247D70700069E156 /* Main.storyboard */ = {
			isa = PBXVariantGroup;
			children = (
				155BB9A7247D70700069E156 /* Base */,
			);
			name = Main.storyboard;
			sourceTree = "<group>";
		};
		155BB9AE247D70710069E156 /* LaunchScreen.storyboard */ = {
			isa = PBXVariantGroup;
			children = (
				155BB9AF247D70710069E156 /* Base */,
			);
			name = LaunchScreen.storyboard;
			sourceTree = "<group>";
		};
/* End PBXVariantGroup section */

/* Begin XCBuildConfiguration section */
		155BB9B2247D70710069E156 /* Debug */ = {
			isa = XCBuildConfiguration;
			buildSettings = {
				ALWAYS_SEARCH_USER_PATHS = NO;
				CLANG_ANALYZER_NONNULL = YES;
				CLANG_ANALYZER_NUMBER_OBJECT_CONVERSION = YES_AGGRESSIVE;
				CLANG_CXX_LANGUAGE_STANDARD = "gnu++14";
				CLANG_CXX_LIBRARY = "libc++";
				CLANG_ENABLE_MODULES = YES;
				CLANG_ENABLE_OBJC_ARC = YES;
				CLANG_ENABLE_OBJC_WEAK = YES;
				CLANG_WARN_BLOCK_CAPTURE_AUTORELEASING = YES;
				CLANG_WARN_BOOL_CONVERSION = YES;
				CLANG_WARN_COMMA = YES;
				CLANG_WARN_CONSTANT_CONVERSION = YES;
				CLANG_WARN_DEPRECATED_OBJC_IMPLEMENTATIONS = YES;
				CLANG_WARN_DIRECT_OBJC_ISA_USAGE = YES_ERROR;
				CLANG_WARN_DOCUMENTATION_COMMENTS = YES;
				CLANG_WARN_EMPTY_BODY = YES;
				CLANG_WARN_ENUM_CONVERSION = YES;
				CLANG_WARN_INFINITE_RECURSION = YES;
				CLANG_WARN_INT_CONVERSION = YES;
				CLANG_WARN_NON_LITERAL_NULL_CONVERSION = YES;
				CLANG_WARN_OBJC_IMPLICIT_RETAIN_SELF = YES;
				CLANG_WARN_OBJC_LITERAL_CONVERSION = YES;
				CLANG_WARN_OBJC_ROOT_CLASS = YES_ERROR;
				CLANG_WARN_RANGE_LOOP_ANALYSIS = YES;
				CLANG_WARN_STRICT_PROTOTYPES = YES;
				CLANG_WARN_SUSPICIOUS_MOVE = YES;
				CLANG_WARN_UNGUARDED_AVAILABILITY = YES_AGGRESSIVE;
				CLANG_WARN_UNREACHABLE_CODE = YES;
				CLANG_WARN__DUPLICATE_METHOD_MATCH = YES;
				COPY_PHASE_STRIP = NO;
				DEBUG_INFORMATION_FORMAT = dwarf;
				ENABLE_STRICT_OBJC_MSGSEND = YES;
				ENABLE_TESTABILITY = YES;
				GCC_C_LANGUAGE_STANDARD = gnu11;
				GCC_DYNAMIC_NO_PIC = NO;
				GCC_NO_COMMON_BLOCKS = YES;
				GCC_OPTIMIZATION_LEVEL = 0;
				GCC_PREPROCESSOR_DEFINITIONS = (
					"DEBUG=1",
					"$(inherited)",
				);
				GCC_WARN_64_TO_32_BIT_CONVERSION = YES;
				GCC_WARN_ABOUT_RETURN_TYPE = YES_ERROR;
				GCC_WARN_UNDECLARED_SELECTOR = YES;
				GCC_WARN_UNINITIALIZED_AUTOS = YES_AGGRESSIVE;
				GCC_WARN_UNUSED_FUNCTION = YES;
				GCC_WARN_UNUSED_VARIABLE = YES;
				IPHONEOS_DEPLOYMENT_TARGET = 13.4;
				MTL_ENABLE_DEBUG_INFO = INCLUDE_SOURCE;
				MTL_FAST_MATH = YES;
				ONLY_ACTIVE_ARCH = YES;
				SDKROOT = iphoneos;
				SWIFT_ACTIVE_COMPILATION_CONDITIONS = DEBUG;
				SWIFT_OPTIMIZATION_LEVEL = "-Onone";
			};
			name = Debug;
		};
		155BB9B3247D70710069E156 /* Release */ = {
			isa = XCBuildConfiguration;
			buildSettings = {
				ALWAYS_SEARCH_USER_PATHS = NO;
				CLANG_ANALYZER_NONNULL = YES;
				CLANG_ANALYZER_NUMBER_OBJECT_CONVERSION = YES_AGGRESSIVE;
				CLANG_CXX_LANGUAGE_STANDARD = "gnu++14";
				CLANG_CXX_LIBRARY = "libc++";
				CLANG_ENABLE_MODULES = YES;
				CLANG_ENABLE_OBJC_ARC = YES;
				CLANG_ENABLE_OBJC_WEAK = YES;
				CLANG_WARN_BLOCK_CAPTURE_AUTORELEASING = YES;
				CLANG_WARN_BOOL_CONVERSION = YES;
				CLANG_WARN_COMMA = YES;
				CLANG_WARN_CONSTANT_CONVERSION = YES;
				CLANG_WARN_DEPRECATED_OBJC_IMPLEMENTATIONS = YES;
				CLANG_WARN_DIRECT_OBJC_ISA_USAGE = YES_ERROR;
				CLANG_WARN_DOCUMENTATION_COMMENTS = YES;
				CLANG_WARN_EMPTY_BODY = YES;
				CLANG_WARN_ENUM_CONVERSION = YES;
				CLANG_WARN_INFINITE_RECURSION = YES;
				CLANG_WARN_INT_CONVERSION = YES;
				CLANG_WARN_NON_LITERAL_NULL_CONVERSION = YES;
				CLANG_WARN_OBJC_IMPLICIT_RETAIN_SELF = YES;
				CLANG_WARN_OBJC_LITERAL_CONVERSION = YES;
				CLANG_WARN_OBJC_ROOT_CLASS = YES_ERROR;
				CLANG_WARN_RANGE_LOOP_ANALYSIS = YES;
				CLANG_WARN_STRICT_PROTOTYPES = YES;
				CLANG_WARN_SUSPICIOUS_MOVE = YES;
				CLANG_WARN_UNGUARDED_AVAILABILITY = YES_AGGRESSIVE;
				CLANG_WARN_UNREACHABLE_CODE = YES;
				CLANG_WARN__DUPLICATE_METHOD_MATCH = YES;
				COPY_PHASE_STRIP = NO;
				DEBUG_INFORMATION_FORMAT = "dwarf-with-dsym";
				ENABLE_NS_ASSERTIONS = NO;
				ENABLE_STRICT_OBJC_MSGSEND = YES;
				GCC_C_LANGUAGE_STANDARD = gnu11;
				GCC_NO_COMMON_BLOCKS = YES;
				GCC_WARN_64_TO_32_BIT_CONVERSION = YES;
				GCC_WARN_ABOUT_RETURN_TYPE = YES_ERROR;
				GCC_WARN_UNDECLARED_SELECTOR = YES;
				GCC_WARN_UNINITIALIZED_AUTOS = YES_AGGRESSIVE;
				GCC_WARN_UNUSED_FUNCTION = YES;
				GCC_WARN_UNUSED_VARIABLE = YES;
				IPHONEOS_DEPLOYMENT_TARGET = 13.4;
				MTL_ENABLE_DEBUG_INFO = NO;
				MTL_FAST_MATH = YES;
				SDKROOT = iphoneos;
				SWIFT_COMPILATION_MODE = wholemodule;
				SWIFT_OPTIMIZATION_LEVEL = "-O";
				VALIDATE_PRODUCT = YES;
			};
			name = Release;
		};
		155BB9B5247D70710069E156 /* Debug */ = {
			isa = XCBuildConfiguration;
			baseConfigurationReference = C768955F07F3871F2C290B16 /* Pods-Capstone Project.debug.xcconfig */;
			buildSettings = {
				ASSETCATALOG_COMPILER_APPICON_NAME = AppIcon;
				CODE_SIGN_STYLE = Automatic;
				DEVELOPMENT_TEAM = 8UD5LAY7WB;
				INFOPLIST_FILE = "Capstone Project/Info.plist";
				LD_RUNPATH_SEARCH_PATHS = (
					"$(inherited)",
					"@executable_path/Frameworks",
				);
				PRODUCT_BUNDLE_IDENTIFIER = "com.att.cso.sos.Capstone-Project";
				PRODUCT_NAME = "$(TARGET_NAME)";
				SWIFT_VERSION = 5.0;
				TARGETED_DEVICE_FAMILY = "1,2";
			};
			name = Debug;
		};
		155BB9B6247D70710069E156 /* Release */ = {
			isa = XCBuildConfiguration;
			baseConfigurationReference = 81B8940AE445E6619C6DE82F /* Pods-Capstone Project.release.xcconfig */;
			buildSettings = {
				ASSETCATALOG_COMPILER_APPICON_NAME = AppIcon;
				CODE_SIGN_STYLE = Automatic;
				DEVELOPMENT_TEAM = 8UD5LAY7WB;
				INFOPLIST_FILE = "Capstone Project/Info.plist";
				LD_RUNPATH_SEARCH_PATHS = (
					"$(inherited)",
					"@executable_path/Frameworks",
				);
				PRODUCT_BUNDLE_IDENTIFIER = "com.att.cso.sos.Capstone-Project";
				PRODUCT_NAME = "$(TARGET_NAME)";
				SWIFT_VERSION = 5.0;
				TARGETED_DEVICE_FAMILY = "1,2";
			};
			name = Release;
		};
/* End XCBuildConfiguration section */

/* Begin XCConfigurationList section */
		155BB998247D70700069E156 /* Build configuration list for PBXProject "Capstone Project" */ = {
			isa = XCConfigurationList;
			buildConfigurations = (
				155BB9B2247D70710069E156 /* Debug */,
				155BB9B3247D70710069E156 /* Release */,
			);
			defaultConfigurationIsVisible = 0;
			defaultConfigurationName = Release;
		};
		155BB9B4247D70710069E156 /* Build configuration list for PBXNativeTarget "Capstone Project" */ = {
			isa = XCConfigurationList;
			buildConfigurations = (
				155BB9B5247D70710069E156 /* Debug */,
				155BB9B6247D70710069E156 /* Release */,
			);
			defaultConfigurationIsVisible = 0;
			defaultConfigurationName = Release;
		};
/* End XCConfigurationList section */

/* Begin XCVersionGroup section */
		155BB9A9247D70700069E156 /* Capstone_Project.xcdatamodeld */ = {
			isa = XCVersionGroup;
			children = (
				155BB9AA247D70700069E156 /* Capstone_Project.xcdatamodel */,
			);
			currentVersion = 155BB9AA247D70700069E156 /* Capstone_Project.xcdatamodel */;
			path = Capstone_Project.xcdatamodeld;
			sourceTree = "<group>";
			versionGroupType = wrapper.xcdatamodel;
		};
/* End XCVersionGroup section */
	};
	rootObject = 155BB995247D70700069E156 /* Project object */;
}
